
Microsoft Visual Studio Solution File, Format Version 12.00
# Visual Studio Version 17
VisualStudioVersion = 17.2.32630.192
MinimumVisualStudioVersion = 10.0.40219.1
Project("{FAE04EC0-301F-11D3-BF4B-00C04F79EFBC}") = "Image Augmentation Grayscale", "Image Augmentation Grayscale.csproj", "{4E390F91-7CFB-409C-8967-DED658E30CD0}"
EndProject
Global
	GlobalSection(SolutionConfigurationPlatforms) = preSolution
		Debug|Any CPU = Debug|Any CPU
		Release|Any CPU = Release|Any CPU
	EndGlobalSection
	GlobalSection(ProjectConfigurationPlatforms) = postSolution
		{4E390F91-7CFB-409C-8967-DED658E30CD0}.Debug|Any CPU.ActiveCfg = Debug|Any CPU
		{4E390F91-7CFB-409C-8967-DED658E30CD0}.Debug|Any CPU.Build.0 = Debug|Any CPU
		{4E390F91-7CFB-409C-8967-DED658E30CD0}.Release|Any CPU.ActiveCfg = Release|Any CPU
		{4E390F91-7CFB-409C-8967-DED658E30CD0}.Release|Any CPU.Build.0 = Release|Any CPU
	EndGlobalSection
	GlobalSection(SolutionProperties) = preSolution
		HideSolutionNode = FALSE
	EndGlobalSection
	GlobalSection(ExtensibilityGlobals) = postSolution
		SolutionGuid = {47429C2A-2275-490A-B2B7-3F6E0CC6028B}
	EndGlobalSection
EndGlobal
